
Microsoft Visual Studio Solution File, Format Version 12.00
# Visual Studio Version 17
VisualStudioVersion = 17.9.34728.123
MinimumVisualStudioVersion = 10.0.40219.1
Project("{FAE04EC0-301F-11D3-BF4B-00C04F79EFBC}") = "DBMS pharmacy", "DBMS pharmacy\DBMS pharmacy.csproj", "{6A80A809-6426-4E43-991C-EE30C8CF052C}"
EndProject
Global
	GlobalSection(SolutionConfigurationPlatforms) = preSolution
		Debug|Any CPU = Debug|Any CPU
		Release|Any CPU = Release|Any CPU
	EndGlobalSection
	GlobalSection(ProjectConfigurationPlatforms) = postSolution
		{6A80A809-6426-4E43-991C-EE30C8CF052C}.Debug|Any CPU.ActiveCfg = Debug|Any CPU
		{6A80A809-6426-4E43-991C-EE30C8CF052C}.Debug|Any CPU.Build.0 = Debug|Any CPU
		{6A80A809-6426-4E43-991C-EE30C8CF052C}.Release|Any CPU.ActiveCfg = Release|Any CPU
		{6A80A809-6426-4E43-991C-EE30C8CF052C}.Release|Any CPU.Build.0 = Release|Any CPU
	EndGlobalSection
	GlobalSection(SolutionProperties) = preSolution
		HideSolutionNode = FALSE
	EndGlobalSection
	GlobalSection(ExtensibilityGlobals) = postSolution
		SolutionGuid = {4951249A-E455-41C1-A2D7-0501F2D818B5}
	EndGlobalSection
EndGlobal
